// !$*UTF8*$!
{
	archiveVersion = 1;
	classes = {
	};
	objectVersion = 55;
	objects = {

/* Begin PBXBuildFile section */
		CC3D621027C2A6CF000BA149 /* main.swift in Sources */ = {isa = PBXBuildFile; fileRef = CC3D620F27C2A6CF000BA149 /* main.swift */; };
/* End PBXBuildFile section */

/* Begin PBXCopyFilesBuildPhase section */
		CC4F26F927BEB4C000C1BEB7 /* CopyFiles */ = {
			isa = PBXCopyFilesBuildPhase;
			buildActionMask = 2147483647;
			dstPath = /usr/share/man/man1/;
			dstSubfolderSpec = 0;
			files = (
			);
			runOnlyForDeploymentPostprocessing = 1;
		};
/* End PBXCopyFilesBuildPhase section */

/* Begin PBXFileReference section */
		CC1D5DED27C218B100832834 /* memory.swift */ = {isa = PBXFileReference; lastKnownFileType = sourcecode.swift; path = memory.swift; sourceTree = "<group>"; };
		CC3D620B27C28E80000BA149 /* Inheritance.swift */ = {isa = PBXFileReference; lastKnownFileType = sourcecode.swift; path = Inheritance.swift; sourceTree = "<group>"; };
		CC3D620D27C2A2CC000BA149 /* dictionary.swift */ = {isa = PBXFileReference; lastKnownFileType = sourcecode.swift; path = dictionary.swift; sourceTree = "<group>"; };
		CC3D620F27C2A6CF000BA149 /* main.swift */ = {isa = PBXFileReference; lastKnownFileType = sourcecode.swift; path = main.swift; sourceTree = "<group>"; };
		CC4F26FB27BEB4C000C1BEB7 /* swiftgrammar1 */ = {isa = PBXFileReference; explicitFileType = "compiled.mach-o.executable"; includeInIndex = 0; path = swiftgrammar1; sourceTree = BUILT_PRODUCTS_DIR; };
		CC4F26FE27BEB4C000C1BEB7 /* if.swift */ = {isa = PBXFileReference; lastKnownFileType = sourcecode.swift; path = if.swift; sourceTree = "<group>"; };
		CC4F270527BEB54C00C1BEB7 /* enum.swift */ = {isa = PBXFileReference; lastKnownFileType = sourcecode.swift; path = enum.swift; sourceTree = "<group>"; };
		CC4F270727BEB56900C1BEB7 /* for.swift */ = {isa = PBXFileReference; lastKnownFileType = sourcecode.swift; path = for.swift; sourceTree = "<group>"; };
		CC4F270927BEB58300C1BEB7 /* unwrap.swift */ = {isa = PBXFileReference; lastKnownFileType = sourcecode.swift; path = unwrap.swift; sourceTree = "<group>"; };
		CC4F270D27BEB5BF00C1BEB7 /* structVSclass.swift */ = {isa = PBXFileReference; lastKnownFileType = sourcecode.swift; path = structVSclass.swift; sourceTree = "<group>"; };
		CC4F270F27BEBA6C00C1BEB7 /* propertyObserver.swift */ = {isa = PBXFileReference; lastKnownFileType = sourcecode.swift; path = propertyObserver.swift; sourceTree = "<group>"; };
		CC4F271127BEBBD100C1BEB7 /* parameter.swift */ = {isa = PBXFileReference; lastKnownFileType = sourcecode.swift; path = parameter.swift; sourceTree = "<group>"; };
		CC4F271427BEBDB400C1BEB7 /* generic.swift */ = {isa = PBXFileReference; lastKnownFileType = sourcecode.swift; path = generic.swift; sourceTree = "<group>"; };
		CC4F271627BEC0D300C1BEB7 /* closure_1.swift */ = {isa = PBXFileReference; lastKnownFileType = sourcecode.swift; path = closure_1.swift; sourceTree = "<group>"; };
		CC4F271827BEC32900C1BEB7 /* closure_2.swift */ = {isa = PBXFileReference; lastKnownFileType = sourcecode.swift; path = closure_2.swift; sourceTree = "<group>"; };
/* End PBXFileReference section */

/* Begin PBXFrameworksBuildPhase section */
		CC4F26F827BEB4C000C1BEB7 /* Frameworks */ = {
			isa = PBXFrameworksBuildPhase;
			buildActionMask = 2147483647;
			files = (
			);
			runOnlyForDeploymentPostprocessing = 0;
		};
/* End PBXFrameworksBuildPhase section */

/* Begin PBXGroup section */
		CC4F26F227BEB4C000C1BEB7 = {
			isa = PBXGroup;
			children = (
				CC4F26FD27BEB4C000C1BEB7 /* swiftgrammar1 */,
				CC4F26FC27BEB4C000C1BEB7 /* Products */,
			);
			sourceTree = "<group>";
		};
		CC4F26FC27BEB4C000C1BEB7 /* Products */ = {
			isa = PBXGroup;
			children = (
				CC4F26FB27BEB4C000C1BEB7 /* swiftgrammar1 */,
			);
			name = Products;
			sourceTree = "<group>";
		};
		CC4F26FD27BEB4C000C1BEB7 /* swiftgrammar1 */ = {
			isa = PBXGroup;
			children = (
				CC4F26FE27BEB4C000C1BEB7 /* if.swift */,
				CC4F270527BEB54C00C1BEB7 /* enum.swift */,
				CC4F270727BEB56900C1BEB7 /* for.swift */,
				CC4F270927BEB58300C1BEB7 /* unwrap.swift */,
				CC4F270D27BEB5BF00C1BEB7 /* structVSclass.swift */,
				CC4F270F27BEBA6C00C1BEB7 /* propertyObserver.swift */,
				CC4F271127BEBBD100C1BEB7 /* parameter.swift */,
				CC4F271427BEBDB400C1BEB7 /* generic.swift */,
				CC4F271627BEC0D300C1BEB7 /* closure_1.swift */,
				CC4F271827BEC32900C1BEB7 /* closure_2.swift */,
				CC1D5DED27C218B100832834 /* memory.swift */,
				CC3D620B27C28E80000BA149 /* Inheritance.swift */,
				CC3D620D27C2A2CC000BA149 /* dictionary.swift */,
				CC3D620F27C2A6CF000BA149 /* main.swift */,
			);
			path = swiftgrammar1;
			sourceTree = "<group>";
		};
/* End PBXGroup section */

/* Begin PBXNativeTarget section */
		CC4F26FA27BEB4C000C1BEB7 /* swiftgrammar1 */ = {
			isa = PBXNativeTarget;
			buildConfigurationList = CC4F270227BEB4C000C1BEB7 /* Build configuration list for PBXNativeTarget "swiftgrammar1" */;
			buildPhases = (
				CC4F26F727BEB4C000C1BEB7 /* Sources */,
				CC4F26F827BEB4C000C1BEB7 /* Frameworks */,
				CC4F26F927BEB4C000C1BEB7 /* CopyFiles */,
			);
			buildRules = (
			);
			dependencies = (
			);
			name = swiftgrammar1;
			productName = swiftgrammar1;
			productReference = CC4F26FB27BEB4C000C1BEB7 /* swiftgrammar1 */;
			productType = "com.apple.product-type.tool";
		};
/* End PBXNativeTarget section */

/* Begin PBXProject section */
		CC4F26F327BEB4C000C1BEB7 /* Project object */ = {
			isa = PBXProject;
			attributes = {
				BuildIndependentTargetsInParallel = 1;
				LastSwiftUpdateCheck = 1320;
				LastUpgradeCheck = 1320;
				TargetAttributes = {
					CC4F26FA27BEB4C000C1BEB7 = {
						CreatedOnToolsVersion = 13.2.1;
						LastSwiftMigration = 1320;
					};
				};
			};
			buildConfigurationList = CC4F26F627BEB4C000C1BEB7 /* Build configuration list for PBXProject "swiftgrammar1" */;
			compatibilityVersion = "Xcode 13.0";
			developmentRegion = en;
			hasScannedForEncodings = 0;
			knownRegions = (
				en,
				Base,
			);
			mainGroup = CC4F26F227BEB4C000C1BEB7;
			productRefGroup = CC4F26FC27BEB4C000C1BEB7 /* Products */;
			projectDirPath = "";
			projectRoot = "";
			targets = (
				CC4F26FA27BEB4C000C1BEB7 /* swiftgrammar1 */,
			);
		};
/* End PBXProject section */

/* Begin PBXSourcesBuildPhase section */
		CC4F26F727BEB4C000C1BEB7 /* Sources */ = {
			isa = PBXSourcesBuildPhase;
			buildActionMask = 2147483647;
			files = (
				CC3D621027C2A6CF000BA149 /* main.swift in Sources */,
			);
			runOnlyForDeploymentPostprocessing = 0;
		};
/* End PBXSourcesBuildPhase section */

/* Begin XCBuildConfiguration section */
		CC4F270027BEB4C000C1BEB7 /* Debug */ = {
			isa = XCBuildConfiguration;
			buildSettings = {
				ALWAYS_SEARCH_USER_PATHS = NO;
				CLANG_ANALYZER_NONNULL = YES;
				CLANG_ANALYZER_NUMBER_OBJECT_CONVERSION = YES_AGGRESSIVE;
				CLANG_CXX_LANGUAGE_STANDARD = "gnu++17";
				CLANG_CXX_LIBRARY = "libc++";
				CLANG_ENABLE_MODULES = YES;
				CLANG_ENABLE_OBJC_ARC = YES;
				CLANG_ENABLE_OBJC_WEAK = YES;
				CLANG_WARN_BLOCK_CAPTURE_AUTORELEASING = YES;
				CLANG_WARN_BOOL_CONVERSION = YES;
				CLANG_WARN_COMMA = YES;
				CLANG_WARN_CONSTANT_CONVERSION = YES;
				CLANG_WARN_DEPRECATED_OBJC_IMPLEMENTATIONS = YES;
				CLANG_WARN_DIRECT_OBJC_ISA_USAGE = YES_ERROR;
				CLANG_WARN_DOCUMENTATION_COMMENTS = YES;
				CLANG_WARN_EMPTY_BODY = YES;
				CLANG_WARN_ENUM_CONVERSION = YES;
				CLANG_WARN_INFINITE_RECURSION = YES;
				CLANG_WARN_INT_CONVERSION = YES;
				CLANG_WARN_NON_LITERAL_NULL_CONVERSION = YES;
				CLANG_WARN_OBJC_IMPLICIT_RETAIN_SELF = YES;
				CLANG_WARN_OBJC_LITERAL_CONVERSION = YES;
				CLANG_WARN_OBJC_ROOT_CLASS = YES_ERROR;
				CLANG_WARN_QUOTED_INCLUDE_IN_FRAMEWORK_HEADER = YES;
				CLANG_WARN_RANGE_LOOP_ANALYSIS = YES;
				CLANG_WARN_STRICT_PROTOTYPES = YES;
				CLANG_WARN_SUSPICIOUS_MOVE = YES;
				CLANG_WARN_UNGUARDED_AVAILABILITY = YES_AGGRESSIVE;
				CLANG_WARN_UNREACHABLE_CODE = YES;
				CLANG_WARN__DUPLICATE_METHOD_MATCH = YES;
				COPY_PHASE_STRIP = NO;
				DEBUG_INFORMATION_FORMAT = dwarf;
				ENABLE_STRICT_OBJC_MSGSEND = YES;
				ENABLE_TESTABILITY = YES;
				GCC_C_LANGUAGE_STANDARD = gnu11;
				GCC_DYNAMIC_NO_PIC = NO;
				GCC_NO_COMMON_BLOCKS = YES;
				GCC_OPTIMIZATION_LEVEL = 0;
				GCC_PREPROCESSOR_DEFINITIONS = (
					"DEBUG=1",
					"$(inherited)",
				);
				GCC_WARN_64_TO_32_BIT_CONVERSION = YES;
				GCC_WARN_ABOUT_RETURN_TYPE = YES_ERROR;
				GCC_WARN_UNDECLARED_SELECTOR = YES;
				GCC_WARN_UNINITIALIZED_AUTOS = YES_AGGRESSIVE;
				GCC_WARN_UNUSED_FUNCTION = YES;
				GCC_WARN_UNUSED_VARIABLE = YES;
				MACOSX_DEPLOYMENT_TARGET = 12.1;
				MTL_ENABLE_DEBUG_INFO = INCLUDE_SOURCE;
				MTL_FAST_MATH = YES;
				ONLY_ACTIVE_ARCH = YES;
				SDKROOT = macosx;
				SWIFT_ACTIVE_COMPILATION_CONDITIONS = DEBUG;
				SWIFT_OPTIMIZATION_LEVEL = "-Onone";
			};
			name = Debug;
		};
		CC4F270127BEB4C000C1BEB7 /* Release */ = {
			isa = XCBuildConfiguration;
			buildSettings = {
				ALWAYS_SEARCH_USER_PATHS = NO;
				CLANG_ANALYZER_NONNULL = YES;
				CLANG_ANALYZER_NUMBER_OBJECT_CONVERSION = YES_AGGRESSIVE;
				CLANG_CXX_LANGUAGE_STANDARD = "gnu++17";
				CLANG_CXX_LIBRARY = "libc++";
				CLANG_ENABLE_MODULES = YES;
				CLANG_ENABLE_OBJC_ARC = YES;
				CLANG_ENABLE_OBJC_WEAK = YES;
				CLANG_WARN_BLOCK_CAPTURE_AUTORELEASING = YES;
				CLANG_WARN_BOOL_CONVERSION = YES;
				CLANG_WARN_COMMA = YES;
				CLANG_WARN_CONSTANT_CONVERSION = YES;
				CLANG_WARN_DEPRECATED_OBJC_IMPLEMENTATIONS = YES;
				CLANG_WARN_DIRECT_OBJC_ISA_USAGE = YES_ERROR;
				CLANG_WARN_DOCUMENTATION_COMMENTS = YES;
				CLANG_WARN_EMPTY_BODY = YES;
				CLANG_WARN_ENUM_CONVERSION = YES;
				CLANG_WARN_INFINITE_RECURSION = YES;
				CLANG_WARN_INT_CONVERSION = YES;
				CLANG_WARN_NON_LITERAL_NULL_CONVERSION = YES;
				CLANG_WARN_OBJC_IMPLICIT_RETAIN_SELF = YES;
				CLANG_WARN_OBJC_LITERAL_CONVERSION = YES;
				CLANG_WARN_OBJC_ROOT_CLASS = YES_ERROR;
				CLANG_WARN_QUOTED_INCLUDE_IN_FRAMEWORK_HEADER = YES;
				CLANG_WARN_RANGE_LOOP_ANALYSIS = YES;
				CLANG_WARN_STRICT_PROTOTYPES = YES;
				CLANG_WARN_SUSPICIOUS_MOVE = YES;
				CLANG_WARN_UNGUARDED_AVAILABILITY = YES_AGGRESSIVE;
				CLANG_WARN_UNREACHABLE_CODE = YES;
				CLANG_WARN__DUPLICATE_METHOD_MATCH = YES;
				COPY_PHASE_STRIP = NO;
				DEBUG_INFORMATION_FORMAT = "dwarf-with-dsym";
				ENABLE_NS_ASSERTIONS = NO;
				ENABLE_STRICT_OBJC_MSGSEND = YES;
				GCC_C_LANGUAGE_STANDARD = gnu11;
				GCC_NO_COMMON_BLOCKS = YES;
				GCC_WARN_64_TO_32_BIT_CONVERSION = YES;
				GCC_WARN_ABOUT_RETURN_TYPE = YES_ERROR;
				GCC_WARN_UNDECLARED_SELECTOR = YES;
				GCC_WARN_UNINITIALIZED_AUTOS = YES_AGGRESSIVE;
				GCC_WARN_UNUSED_FUNCTION = YES;
				GCC_WARN_UNUSED_VARIABLE = YES;
				MACOSX_DEPLOYMENT_TARGET = 12.1;
				MTL_ENABLE_DEBUG_INFO = NO;
				MTL_FAST_MATH = YES;
				SDKROOT = macosx;
				SWIFT_COMPILATION_MODE = wholemodule;
				SWIFT_OPTIMIZATION_LEVEL = "-O";
			};
			name = Release;
		};
		CC4F270327BEB4C000C1BEB7 /* Debug */ = {
			isa = XCBuildConfiguration;
			buildSettings = {
				CLANG_ENABLE_MODULES = YES;
				CODE_SIGN_STYLE = Automatic;
				LD_RUNPATH_SEARCH_PATHS = (
					"$(inherited)",
					"@executable_path/../Frameworks",
					"@loader_path/../Frameworks",
				);
				PRODUCT_NAME = "$(TARGET_NAME)";
				SWIFT_OPTIMIZATION_LEVEL = "-Onone";
				SWIFT_VERSION = 5.0;
			};
			name = Debug;
		};
		CC4F270427BEB4C000C1BEB7 /* Release */ = {
			isa = XCBuildConfiguration;
			buildSettings = {
				CLANG_ENABLE_MODULES = YES;
				CODE_SIGN_STYLE = Automatic;
				LD_RUNPATH_SEARCH_PATHS = (
					"$(inherited)",
					"@executable_path/../Frameworks",
					"@loader_path/../Frameworks",
				);
				PRODUCT_NAME = "$(TARGET_NAME)";
				SWIFT_VERSION = 5.0;
			};
			name = Release;
		};
/* End XCBuildConfiguration section */

/* Begin XCConfigurationList section */
		CC4F26F627BEB4C000C1BEB7 /* Build configuration list for PBXProject "swiftgrammar1" */ = {
			isa = XCConfigurationList;
			buildConfigurations = (
				CC4F270027BEB4C000C1BEB7 /* Debug */,
				CC4F270127BEB4C000C1BEB7 /* Release */,
			);
			defaultConfigurationIsVisible = 0;
			defaultConfigurationName = Release;
		};
		CC4F270227BEB4C000C1BEB7 /* Build configuration list for PBXNativeTarget "swiftgrammar1" */ = {
			isa = XCConfigurationList;
			buildConfigurations = (
				CC4F270327BEB4C000C1BEB7 /* Debug */,
				CC4F270427BEB4C000C1BEB7 /* Release */,
			);
			defaultConfigurationIsVisible = 0;
			defaultConfigurationName = Release;
		};
/* End XCConfigurationList section */
	};
	rootObject = CC4F26F327BEB4C000C1BEB7 /* Project object */;
}
